
Microsoft Visual Studio Solution File, Format Version 12.00
# Visual Studio Version 16
VisualStudioVersion = 16.0.31129.286
MinimumVisualStudioVersion = 10.0.40219.1
Project("{00D1A9C2-B5F0-4AF3-8072-F6C62B433612}") = "pharmacyDatabase", "pharmacyDatabase\pharmacyDatabase.sqlproj", "{5AC0C165-9CE2-4160-B30B-BD917F0F8394}"
EndProject
Global
	GlobalSection(SolutionConfigurationPlatforms) = preSolution
		Debug|Any CPU = Debug|Any CPU
		Release|Any CPU = Release|Any CPU
	EndGlobalSection
	GlobalSection(ProjectConfigurationPlatforms) = postSolution
		{5AC0C165-9CE2-4160-B30B-BD917F0F8394}.Debug|Any CPU.ActiveCfg = Debug|Any CPU
		{5AC0C165-9CE2-4160-B30B-BD917F0F8394}.Debug|Any CPU.Build.0 = Debug|Any CPU
		{5AC0C165-9CE2-4160-B30B-BD917F0F8394}.Debug|Any CPU.Deploy.0 = Debug|Any CPU
		{5AC0C165-9CE2-4160-B30B-BD917F0F8394}.Release|Any CPU.ActiveCfg = Release|Any CPU
		{5AC0C165-9CE2-4160-B30B-BD917F0F8394}.Release|Any CPU.Build.0 = Release|Any CPU
		{5AC0C165-9CE2-4160-B30B-BD917F0F8394}.Release|Any CPU.Deploy.0 = Release|Any CPU
	EndGlobalSection
	GlobalSection(SolutionProperties) = preSolution
		HideSolutionNode = FALSE
	EndGlobalSection
	GlobalSection(ExtensibilityGlobals) = postSolution
		SolutionGuid = {B0BE826C-1B6D-4142-92E1-A2E01F0970AA}
	EndGlobalSection
EndGlobal
